# This file is autogenerated, do not edit; changes may be undone by the next 'dep ensure'.


[[projects]]
  digest = "1:ea67796271a88d74870035f5abbd84f5845a69afbd056d29e10c4872d81e43ed"
  name = "github.com/google/gopacket"
  packages = [
    ".",
    "layers",
  ]
  pruneopts = "UT"
  revision = "a6b099ece4680a8bdea84fa78166d0712108a95c"
  version = "v1.1.15"

[solve-meta]
  analyzer-name = "dep"
  analyzer-version = 1
  input-imports = ["github.com/google/gopacket/layers"]
  solver-name = "gps-cdcl"
  solver-version = 1
